
Microsoft Visual Studio Solution File, Format Version 12.00
# Visual Studio Version 17
VisualStudioVersion = 17.3.32929.385
MinimumVisualStudioVersion = 10.0.40219.1
Project("{FAE04EC0-301F-11D3-BF4B-00C04F79EFBC}") = "SalesWebMvc", "SalesWebMvc\SalesWebMvc.csproj", "{408AAF23-53CB-4F95-A91B-6EA289B79ED8}"
EndProject
Global
	GlobalSection(SolutionConfigurationPlatforms) = preSolution
		Debug|Any CPU = Debug|Any CPU
		Release|Any CPU = Release|Any CPU
	EndGlobalSection
	GlobalSection(ProjectConfigurationPlatforms) = postSolution
		{408AAF23-53CB-4F95-A91B-6EA289B79ED8}.Debug|Any CPU.ActiveCfg = Debug|Any CPU
		{408AAF23-53CB-4F95-A91B-6EA289B79ED8}.Debug|Any CPU.Build.0 = Debug|Any CPU
		{408AAF23-53CB-4F95-A91B-6EA289B79ED8}.Release|Any CPU.ActiveCfg = Release|Any CPU
		{408AAF23-53CB-4F95-A91B-6EA289B79ED8}.Release|Any CPU.Build.0 = Release|Any CPU
	EndGlobalSection
	GlobalSection(SolutionProperties) = preSolution
		HideSolutionNode = FALSE
	EndGlobalSection
	GlobalSection(ExtensibilityGlobals) = postSolution
		SolutionGuid = {F3FF7AE2-B39B-4C3D-AD44-EE9E7501E6C0}
	EndGlobalSection
EndGlobal
